{
  "name": "@dom-native/quickstart",
  "version": "0.1.0",
  "lockfileVersion": 1,
  "requires": true,
  "dependencies": {
    "dom-native": {
      "version": "0.9.21",
      "resolved": "https://registry.npmjs.org/dom-native/-/dom-native-0.9.21.tgz",
      "integrity": "sha512-2wvC/YvbzNXYODjRO7yM+i3Y7dEwtB7B3ZvIJYwtkwlvSQxtlqB8fbrr4MNNXCZDiX0PY/sVP4zEKgLacgIC2g=="
    }
  }
}
